{
  "name": "supercov-checkout-verification",
  "lockfileVersion": 3,
  "requires": true,
  "packages": {
    "": {
      "name": "supercov-checkout-verification",
      "devDependencies": {
        "supercov": "0.0.42"
      },
      "engines": {
        "node": ">=22"
      }
    },
    "node_modules/@supercov/cli-darwin-arm64": {
      "version": "0.0.42",
      "resolved": "https://registry.npmjs.org/@supercov/cli-darwin-arm64/-/cli-darwin-arm64-0.0.42.tgz",
      "integrity": "sha512-Z3i8RLNHPa9xwnQB/FQI15DmWHTQKi9mmMyRjPp0s6l4RH7CG8KVA4+a7KwbIWKdqIDlByryFhEn+MNwKpJJxA==",
      "cpu": [
        "arm64"
      ],
      "dev": true,
      "license": "MIT",
      "optional": true,
      "os": [
        "darwin"
      ]
    },
    "node_modules/@supercov/cli-darwin-x64": {
      "version": "0.0.42",
      "resolved": "https://registry.npmjs.org/@supercov/cli-darwin-x64/-/cli-darwin-x64-0.0.42.tgz",
      "integrity": "sha512-BEN2qJIJIgvS4Q7tPGo39EV5iSC8NRA8c7bAiJ850FSnpgAgA9BS6jVSIHrOTXNu3EE00bSmBtz3LNkucdhfTA==",
      "cpu": [
        "x64"
      ],
      "dev": true,
      "license": "MIT",
      "optional": true,
      "os": [
        "darwin"
      ]
    },
    "node_modules/@supercov/cli-linux-arm64-gnu": {
      "version": "0.0.42",
      "resolved": "https://registry.npmjs.org/@supercov/cli-linux-arm64-gnu/-/cli-linux-arm64-gnu-0.0.42.tgz",
      "integrity": "sha512-9OWZpRGJ5dVAwe/pxXbgoIWjnDmrrNQTwoJ/wI6fABrdaq5DDFp0XQtRIxtaAb1YMIZyDUmz5Ygo/vDQoGw9aQ==",
      "cpu": [
        "arm64"
      ],
      "dev": true,
      "libc": [
        "glibc"
      ],
      "license": "MIT",
      "optional": true,
      "os": [
        "linux"
      ]
    },
    "node_modules/@supercov/cli-linux-arm64-musl": {
      "version": "0.0.42",
      "resolved": "https://registry.npmjs.org/@supercov/cli-linux-arm64-musl/-/cli-linux-arm64-musl-0.0.42.tgz",
      "integrity": "sha512-CX2ty87j6CiEhOU9OcYV3W9l63xTuJIF1+avTHvn+BwIsNAKXQSfZVfjtv5hNQacfobbvdxzctpUbaGx6DO4/w==",
      "cpu": [
        "arm64"
      ],
      "dev": true,
      "libc": [
        "musl"
      ],
      "license": "MIT",
      "optional": true,
      "os": [
        "linux"
      ]
    },
    "node_modules/@supercov/cli-linux-x64-gnu": {
      "version": "0.0.42",
      "resolved": "https://registry.npmjs.org/@supercov/cli-linux-x64-gnu/-/cli-linux-x64-gnu-0.0.42.tgz",
      "integrity": "sha512-Tk9QS2IiuVFdCK1I8+UP23ZbGiMECpJ8sdEcR2eEt0und0fG+mwP48YJhD6Nd4OJKRt+ob9LQlWiWxX6qNG0tQ==",
      "cpu": [
        "x64"
      ],
      "dev": true,
      "libc": [
        "glibc"
      ],
      "license": "MIT",
      "optional": true,
      "os": [
        "linux"
      ]
    },
    "node_modules/@supercov/cli-linux-x64-musl": {
      "version": "0.0.42",
      "resolved": "https://registry.npmjs.org/@supercov/cli-linux-x64-musl/-/cli-linux-x64-musl-0.0.42.tgz",
      "integrity": "sha512-OJy4RTcpUGLb+bHXaqdb6NZif0b9cEduHTM7WwzIv578EAnLY9/UywNh+akpDBo8Eyf/HegFy0/BnpMIgyg11g==",
      "cpu": [
        "x64"
      ],
      "dev": true,
      "libc": [
        "musl"
      ],
      "license": "MIT",
      "optional": true,
      "os": [
        "linux"
      ]
    },
    "node_modules/@supercov/cli-win32-arm64": {
      "version": "0.0.42",
      "resolved": "https://registry.npmjs.org/@supercov/cli-win32-arm64/-/cli-win32-arm64-0.0.42.tgz",
      "integrity": "sha512-TP6kPkAo7DpfrGCszj2oaZJxU5ccnz+B0eaulHNsTX9QAHK+sfYTRrfT+z1I1iSebS/+AEdq8kRikaAqdxtNRA==",
      "cpu": [
        "arm64"
      ],
      "dev": true,
      "license": "MIT",
      "optional": true,
      "os": [
        "win32"
      ]
    },
    "node_modules/@supercov/cli-win32-x64": {
      "version": "0.0.42",
      "resolved": "https://registry.npmjs.org/@supercov/cli-win32-x64/-/cli-win32-x64-0.0.42.tgz",
      "integrity": "sha512-7z8V0d512TlV+EKjxuheNigsNC5IvlvtbJ4u+XXMsQmkN7MFRsIXoc7iGAIPVgG8cBjJbN+vBNru5iy59Lrtdg==",
      "cpu": [
        "x64"
      ],
      "dev": true,
      "license": "MIT",
      "optional": true,
      "os": [
        "win32"
      ]
    },
    "node_modules/supercov": {
      "version": "0.0.42",
      "resolved": "https://registry.npmjs.org/supercov/-/supercov-0.0.42.tgz",
      "integrity": "sha512-yO0vqULtozcE89l/ZQdQGs02e6uU1ojRnJlXnYnDK9gKP9tUj4METpb5UJR1at1cgkFTsxU3xZCZjWMFtzfmIQ==",
      "dev": true,
      "license": "MIT",
      "bin": {
        "supercov": "bin/supercov.js"
      },
      "engines": {
        "node": ">=22"
      },
      "optionalDependencies": {
        "@supercov/cli-darwin-arm64": "0.0.42",
        "@supercov/cli-darwin-x64": "0.0.42",
        "@supercov/cli-linux-arm64-gnu": "0.0.42",
        "@supercov/cli-linux-arm64-musl": "0.0.42",
        "@supercov/cli-linux-x64-gnu": "0.0.42",
        "@supercov/cli-linux-x64-musl": "0.0.42",
        "@supercov/cli-win32-arm64": "0.0.42",
        "@supercov/cli-win32-x64": "0.0.42"
      },
      "peerDependencies": {
        "@playwright/test": ">=1.55.0",
        "vite": ">=5.0.0",
        "vitest": ">=2.0.0"
      },
      "peerDependenciesMeta": {
        "@playwright/test": {
          "optional": true
        },
        "vite": {
          "optional": true
        },
        "vitest": {
          "optional": true
        }
      }
    }
  }
}
