# This file is automatically @generated by Cargo.
# It is not intended for manual editing.
version = 4

[[package]]
name = "external-rules"
version = "0.0.0"

[[package]]
name = "no-std-fixture"
version = "0.0.0"

[[package]]
name = "probe-macros"
version = "0.0.0"

[[package]]
name = "supercov-rustc-spike-fixture"
version = "0.0.0"
dependencies = [
 "external-rules",
 "no-std-fixture",
 "probe-macros",
]
